
Microsoft Visual Studio Solution File, Format Version 12.00
# Visual Studio Version 16
VisualStudioVersion = 16.0.29009.5
MinimumVisualStudioVersion = 10.0.40219.1
Project("{FAE04EC0-301F-11D3-BF4B-00C04F79EFBC}") = "WebSocketApplicationSender", "WebSocketApplicationSender\WebSocketApplicationSender.csproj", "{A211E1F1-91B3-4504-AEAB-DA4FA3A7BA40}"
EndProject
Global
	GlobalSection(SolutionConfigurationPlatforms) = preSolution
		Debug|Any CPU = Debug|Any CPU
		Release|Any CPU = Release|Any CPU
	EndGlobalSection
	GlobalSection(ProjectConfigurationPlatforms) = postSolution
		{A211E1F1-91B3-4504-AEAB-DA4FA3A7BA40}.Debug|Any CPU.ActiveCfg = Debug|Any CPU
		{A211E1F1-91B3-4504-AEAB-DA4FA3A7BA40}.Debug|Any CPU.Build.0 = Debug|Any CPU
		{A211E1F1-91B3-4504-AEAB-DA4FA3A7BA40}.Release|Any CPU.ActiveCfg = Release|Any CPU
		{A211E1F1-91B3-4504-AEAB-DA4FA3A7BA40}.Release|Any CPU.Build.0 = Release|Any CPU
	EndGlobalSection
	GlobalSection(SolutionProperties) = preSolution
		HideSolutionNode = FALSE
	EndGlobalSection
	GlobalSection(ExtensibilityGlobals) = postSolution
		SolutionGuid = {42421EF0-93B7-4D2B-A69D-59364568227A}
	EndGlobalSection
EndGlobal
